// !$*UTF8*$!
{
	archiveVersion = 1;
	classes = {
	};
	objectVersion = 56;
	objects = {

/* Begin PBXBuildFile section */
		5540102729A8C7040023AD38 /* ContactListCell.swift in Sources */ = {isa = PBXBuildFile; fileRef = 5540102629A8C7040023AD38 /* ContactListCell.swift */; };
		554FB90C29A775F800EAA48C /* AppDelegate.swift in Sources */ = {isa = PBXBuildFile; fileRef = 554FB90B29A775F800EAA48C /* AppDelegate.swift */; };
		554FB90E29A775F800EAA48C /* SceneDelegate.swift in Sources */ = {isa = PBXBuildFile; fileRef = 554FB90D29A775F800EAA48C /* SceneDelegate.swift */; };
		554FB91029A775F800EAA48C /* ContactListViewController.swift in Sources */ = {isa = PBXBuildFile; fileRef = 554FB90F29A775F800EAA48C /* ContactListViewController.swift */; };
		554FB91529A775F900EAA48C /* Assets.xcassets in Resources */ = {isa = PBXBuildFile; fileRef = 554FB91429A775F900EAA48C /* Assets.xcassets */; };
		554FB91829A775F900EAA48C /* LaunchScreen.storyboard in Resources */ = {isa = PBXBuildFile; fileRef = 554FB91629A775F900EAA48C /* LaunchScreen.storyboard */; };
		554FB92329A77A0B00EAA48C /* UIColor+Extensions.swift in Sources */ = {isa = PBXBuildFile; fileRef = 554FB92229A77A0B00EAA48C /* UIColor+Extensions.swift */; };
		554FB92729A77E9900EAA48C /* SplashViewController.swift in Sources */ = {isa = PBXBuildFile; fileRef = 554FB92629A77E9900EAA48C /* SplashViewController.swift */; };
		554FB92A29A77F0F00EAA48C /* ContactService.swift in Sources */ = {isa = PBXBuildFile; fileRef = 554FB92929A77F0F00EAA48C /* ContactService.swift */; };
		554FB92D29A77FEE00EAA48C /* Contact.swift in Sources */ = {isa = PBXBuildFile; fileRef = 554FB92C29A77FEE00EAA48C /* Contact.swift */; };
		556D225B29AA401F00BA7EBA /* Button.swift in Sources */ = {isa = PBXBuildFile; fileRef = 556D225A29AA401F00BA7EBA /* Button.swift */; };
		556D225F29AA43A100BA7EBA /* SortViewController.swift in Sources */ = {isa = PBXBuildFile; fileRef = 556D225E29AA43A100BA7EBA /* SortViewController.swift */; };
		556D226129AA490600BA7EBA /* Sort.swift in Sources */ = {isa = PBXBuildFile; fileRef = 556D226029AA490600BA7EBA /* Sort.swift */; };
		556D226329AA4B4600BA7EBA /* SortCell.swift in Sources */ = {isa = PBXBuildFile; fileRef = 556D226229AA4B4600BA7EBA /* SortCell.swift */; };
		5576353C29AB354F00917099 /* CapsuleView.swift in Sources */ = {isa = PBXBuildFile; fileRef = 5576353B29AB354F00917099 /* CapsuleView.swift */; };
		5576354029AB3AAB00917099 /* FilterViewController.swift in Sources */ = {isa = PBXBuildFile; fileRef = 5576353F29AB3AAB00917099 /* FilterViewController.swift */; };
		5576354229AB3BEB00917099 /* Filter.swift in Sources */ = {isa = PBXBuildFile; fileRef = 5576354129AB3BEB00917099 /* Filter.swift */; };
		5576354429AB45F500917099 /* FilterCell.swift in Sources */ = {isa = PBXBuildFile; fileRef = 5576354329AB45F500917099 /* FilterCell.swift */; };
		5576354629ABAA7D00917099 /* ApplyAllCell.swift in Sources */ = {isa = PBXBuildFile; fileRef = 5576354529ABAA7D00917099 /* ApplyAllCell.swift */; };
/* End PBXBuildFile section */

/* Begin PBXFileReference section */
		5540102629A8C7040023AD38 /* ContactListCell.swift */ = {isa = PBXFileReference; lastKnownFileType = sourcecode.swift; path = ContactListCell.swift; sourceTree = "<group>"; };
		554FB90829A775F800EAA48C /* YP-contacts.app */ = {isa = PBXFileReference; explicitFileType = wrapper.application; includeInIndex = 0; path = "YP-contacts.app"; sourceTree = BUILT_PRODUCTS_DIR; };
		554FB90B29A775F800EAA48C /* AppDelegate.swift */ = {isa = PBXFileReference; lastKnownFileType = sourcecode.swift; path = AppDelegate.swift; sourceTree = "<group>"; };
		554FB90D29A775F800EAA48C /* SceneDelegate.swift */ = {isa = PBXFileReference; lastKnownFileType = sourcecode.swift; path = SceneDelegate.swift; sourceTree = "<group>"; };
		554FB90F29A775F800EAA48C /* ContactListViewController.swift */ = {isa = PBXFileReference; lastKnownFileType = sourcecode.swift; path = ContactListViewController.swift; sourceTree = "<group>"; };
		554FB91429A775F900EAA48C /* Assets.xcassets */ = {isa = PBXFileReference; lastKnownFileType = folder.assetcatalog; path = Assets.xcassets; sourceTree = "<group>"; };
		554FB91729A775F900EAA48C /* Base */ = {isa = PBXFileReference; lastKnownFileType = file.storyboard; name = Base; path = Base.lproj/LaunchScreen.storyboard; sourceTree = "<group>"; };
		554FB91929A775F900EAA48C /* Info.plist */ = {isa = PBXFileReference; lastKnownFileType = text.plist.xml; path = Info.plist; sourceTree = "<group>"; };
		554FB92229A77A0B00EAA48C /* UIColor+Extensions.swift */ = {isa = PBXFileReference; lastKnownFileType = sourcecode.swift; path = "UIColor+Extensions.swift"; sourceTree = "<group>"; };
		554FB92629A77E9900EAA48C /* SplashViewController.swift */ = {isa = PBXFileReference; lastKnownFileType = sourcecode.swift; path = SplashViewController.swift; sourceTree = "<group>"; };
		554FB92929A77F0F00EAA48C /* ContactService.swift */ = {isa = PBXFileReference; lastKnownFileType = sourcecode.swift; path = ContactService.swift; sourceTree = "<group>"; };
		554FB92C29A77FEE00EAA48C /* Contact.swift */ = {isa = PBXFileReference; lastKnownFileType = sourcecode.swift; path = Contact.swift; sourceTree = "<group>"; };
		556D225A29AA401F00BA7EBA /* Button.swift */ = {isa = PBXFileReference; lastKnownFileType = sourcecode.swift; path = Button.swift; sourceTree = "<group>"; };
		556D225E29AA43A100BA7EBA /* SortViewController.swift */ = {isa = PBXFileReference; lastKnownFileType = sourcecode.swift; path = SortViewController.swift; sourceTree = "<group>"; };
		556D226029AA490600BA7EBA /* Sort.swift */ = {isa = PBXFileReference; lastKnownFileType = sourcecode.swift; path = Sort.swift; sourceTree = "<group>"; };
		556D226229AA4B4600BA7EBA /* SortCell.swift */ = {isa = PBXFileReference; lastKnownFileType = sourcecode.swift; path = SortCell.swift; sourceTree = "<group>"; };
		5576353B29AB354F00917099 /* CapsuleView.swift */ = {isa = PBXFileReference; lastKnownFileType = sourcecode.swift; path = CapsuleView.swift; sourceTree = "<group>"; };
		5576353F29AB3AAB00917099 /* FilterViewController.swift */ = {isa = PBXFileReference; lastKnownFileType = sourcecode.swift; path = FilterViewController.swift; sourceTree = "<group>"; };
		5576354129AB3BEB00917099 /* Filter.swift */ = {isa = PBXFileReference; lastKnownFileType = sourcecode.swift; path = Filter.swift; sourceTree = "<group>"; };
		5576354329AB45F500917099 /* FilterCell.swift */ = {isa = PBXFileReference; lastKnownFileType = sourcecode.swift; path = FilterCell.swift; sourceTree = "<group>"; };
		5576354529ABAA7D00917099 /* ApplyAllCell.swift */ = {isa = PBXFileReference; lastKnownFileType = sourcecode.swift; path = ApplyAllCell.swift; sourceTree = "<group>"; };
		55886BBF2CE2474C00CB1903 /* README.md */ = {isa = PBXFileReference; lastKnownFileType = net.daringfireball.markdown; path = README.md; sourceTree = "<group>"; };
/* End PBXFileReference section */

/* Begin PBXFrameworksBuildPhase section */
		554FB90529A775F800EAA48C /* Frameworks */ = {
			isa = PBXFrameworksBuildPhase;
			buildActionMask = 2147483647;
			files = (
			);
			runOnlyForDeploymentPostprocessing = 0;
		};
/* End PBXFrameworksBuildPhase section */

/* Begin PBXGroup section */
		554FB8FF29A775F800EAA48C = {
			isa = PBXGroup;
			children = (
				55886BBF2CE2474C00CB1903 /* README.md */,
				554FB90A29A775F800EAA48C /* YP-contacts */,
				554FB90929A775F800EAA48C /* Products */,
			);
			sourceTree = "<group>";
		};
		554FB90929A775F800EAA48C /* Products */ = {
			isa = PBXGroup;
			children = (
				554FB90829A775F800EAA48C /* YP-contacts.app */,
			);
			name = Products;
			sourceTree = "<group>";
		};
		554FB90A29A775F800EAA48C /* YP-contacts */ = {
			isa = PBXGroup;
			children = (
				556D225C29AA434700BA7EBA /* Components */,
				554FB92529A77E7900EAA48C /* Splash */,
				554FB92429A77E4200EAA48C /* ContactList */,
				556D225D29AA438600BA7EBA /* Sort */,
				5576353E29AB39C300917099 /* Filter */,
				554FB92829A77EFD00EAA48C /* Services */,
				554FB92B29A77FE200EAA48C /* Models */,
				554FB90B29A775F800EAA48C /* AppDelegate.swift */,
				554FB90D29A775F800EAA48C /* SceneDelegate.swift */,
				554FB92129A7796700EAA48C /* Helpers */,
				554FB91F29A7795500EAA48C /* Resources */,
			);
			path = "YP-contacts";
			sourceTree = "<group>";
		};
		554FB91F29A7795500EAA48C /* Resources */ = {
			isa = PBXGroup;
			children = (
				554FB91429A775F900EAA48C /* Assets.xcassets */,
				554FB91929A775F900EAA48C /* Info.plist */,
				554FB91629A775F900EAA48C /* LaunchScreen.storyboard */,
			);
			path = Resources;
			sourceTree = "<group>";
		};
		554FB92129A7796700EAA48C /* Helpers */ = {
			isa = PBXGroup;
			children = (
				554FB92229A77A0B00EAA48C /* UIColor+Extensions.swift */,
			);
			path = Helpers;
			sourceTree = "<group>";
		};
		554FB92429A77E4200EAA48C /* ContactList */ = {
			isa = PBXGroup;
			children = (
				554FB90F29A775F800EAA48C /* ContactListViewController.swift */,
				5540102629A8C7040023AD38 /* ContactListCell.swift */,
			);
			path = ContactList;
			sourceTree = "<group>";
		};
		554FB92529A77E7900EAA48C /* Splash */ = {
			isa = PBXGroup;
			children = (
				554FB92629A77E9900EAA48C /* SplashViewController.swift */,
			);
			path = Splash;
			sourceTree = "<group>";
		};
		554FB92829A77EFD00EAA48C /* Services */ = {
			isa = PBXGroup;
			children = (
				554FB92929A77F0F00EAA48C /* ContactService.swift */,
			);
			path = Services;
			sourceTree = "<group>";
		};
		554FB92B29A77FE200EAA48C /* Models */ = {
			isa = PBXGroup;
			children = (
				554FB92C29A77FEE00EAA48C /* Contact.swift */,
				556D226029AA490600BA7EBA /* Sort.swift */,
				5576354129AB3BEB00917099 /* Filter.swift */,
			);
			path = Models;
			sourceTree = "<group>";
		};
		556D225C29AA434700BA7EBA /* Components */ = {
			isa = PBXGroup;
			children = (
				556D225A29AA401F00BA7EBA /* Button.swift */,
				5576353B29AB354F00917099 /* CapsuleView.swift */,
			);
			path = Components;
			sourceTree = "<group>";
		};
		556D225D29AA438600BA7EBA /* Sort */ = {
			isa = PBXGroup;
			children = (
				556D225E29AA43A100BA7EBA /* SortViewController.swift */,
				556D226229AA4B4600BA7EBA /* SortCell.swift */,
			);
			path = Sort;
			sourceTree = "<group>";
		};
		5576353E29AB39C300917099 /* Filter */ = {
			isa = PBXGroup;
			children = (
				5576353F29AB3AAB00917099 /* FilterViewController.swift */,
				5576354329AB45F500917099 /* FilterCell.swift */,
				5576354529ABAA7D00917099 /* ApplyAllCell.swift */,
			);
			path = Filter;
			sourceTree = "<group>";
		};
/* End PBXGroup section */

/* Begin PBXNativeTarget section */
		554FB90729A775F800EAA48C /* YP-contacts */ = {
			isa = PBXNativeTarget;
			buildConfigurationList = 554FB91C29A775F900EAA48C /* Build configuration list for PBXNativeTarget "YP-contacts" */;
			buildPhases = (
				554FB90429A775F800EAA48C /* Sources */,
				554FB90529A775F800EAA48C /* Frameworks */,
				554FB90629A775F800EAA48C /* Resources */,
			);
			buildRules = (
			);
			dependencies = (
			);
			name = "YP-contacts";
			productName = "YP-contacts";
			productReference = 554FB90829A775F800EAA48C /* YP-contacts.app */;
			productType = "com.apple.product-type.application";
		};
/* End PBXNativeTarget section */

/* Begin PBXProject section */
		554FB90029A775F800EAA48C /* Project object */ = {
			isa = PBXProject;
			attributes = {
				BuildIndependentTargetsInParallel = 1;
				LastSwiftUpdateCheck = 1420;
				LastUpgradeCheck = 1420;
				TargetAttributes = {
					554FB90729A775F800EAA48C = {
						CreatedOnToolsVersion = 14.2;
					};
				};
			};
			buildConfigurationList = 554FB90329A775F800EAA48C /* Build configuration list for PBXProject "YP-contacts" */;
			compatibilityVersion = "Xcode 14.0";
			developmentRegion = en;
			hasScannedForEncodings = 0;
			knownRegions = (
				en,
				Base,
			);
			mainGroup = 554FB8FF29A775F800EAA48C;
			productRefGroup = 554FB90929A775F800EAA48C /* Products */;
			projectDirPath = "";
			projectRoot = "";
			targets = (
				554FB90729A775F800EAA48C /* YP-contacts */,
			);
		};
/* End PBXProject section */

/* Begin PBXResourcesBuildPhase section */
		554FB90629A775F800EAA48C /* Resources */ = {
			isa = PBXResourcesBuildPhase;
			buildActionMask = 2147483647;
			files = (
				554FB91829A775F900EAA48C /* LaunchScreen.storyboard in Resources */,
				554FB91529A775F900EAA48C /* Assets.xcassets in Resources */,
			);
			runOnlyForDeploymentPostprocessing = 0;
		};
/* End PBXResourcesBuildPhase section */

/* Begin PBXSourcesBuildPhase section */
		554FB90429A775F800EAA48C /* Sources */ = {
			isa = PBXSourcesBuildPhase;
			buildActionMask = 2147483647;
			files = (
				5576354029AB3AAB00917099 /* FilterViewController.swift in Sources */,
				5576354429AB45F500917099 /* FilterCell.swift in Sources */,
				5576354229AB3BEB00917099 /* Filter.swift in Sources */,
				556D225F29AA43A100BA7EBA /* SortViewController.swift in Sources */,
				556D226329AA4B4600BA7EBA /* SortCell.swift in Sources */,
				5540102729A8C7040023AD38 /* ContactListCell.swift in Sources */,
				554FB91029A775F800EAA48C /* ContactListViewController.swift in Sources */,
				554FB90C29A775F800EAA48C /* AppDelegate.swift in Sources */,
				554FB92A29A77F0F00EAA48C /* ContactService.swift in Sources */,
				554FB90E29A775F800EAA48C /* SceneDelegate.swift in Sources */,
				554FB92329A77A0B00EAA48C /* UIColor+Extensions.swift in Sources */,
				556D226129AA490600BA7EBA /* Sort.swift in Sources */,
				554FB92729A77E9900EAA48C /* SplashViewController.swift in Sources */,
				5576354629ABAA7D00917099 /* ApplyAllCell.swift in Sources */,
				556D225B29AA401F00BA7EBA /* Button.swift in Sources */,
				5576353C29AB354F00917099 /* CapsuleView.swift in Sources */,
				554FB92D29A77FEE00EAA48C /* Contact.swift in Sources */,
			);
			runOnlyForDeploymentPostprocessing = 0;
		};
/* End PBXSourcesBuildPhase section */

/* Begin PBXVariantGroup section */
		554FB91629A775F900EAA48C /* LaunchScreen.storyboard */ = {
			isa = PBXVariantGroup;
			children = (
				554FB91729A775F900EAA48C /* Base */,
			);
			name = LaunchScreen.storyboard;
			sourceTree = "<group>";
		};
/* End PBXVariantGroup section */

/* Begin XCBuildConfiguration section */
		554FB91A29A775F900EAA48C /* Debug */ = {
			isa = XCBuildConfiguration;
			buildSettings = {
				ALWAYS_SEARCH_USER_PATHS = NO;
				CLANG_ANALYZER_NONNULL = YES;
				CLANG_ANALYZER_NUMBER_OBJECT_CONVERSION = YES_AGGRESSIVE;
				CLANG_CXX_LANGUAGE_STANDARD = "gnu++20";
				CLANG_ENABLE_MODULES = YES;
				CLANG_ENABLE_OBJC_ARC = YES;
				CLANG_ENABLE_OBJC_WEAK = YES;
				CLANG_WARN_BLOCK_CAPTURE_AUTORELEASING = YES;
				CLANG_WARN_BOOL_CONVERSION = YES;
				CLANG_WARN_COMMA = YES;
				CLANG_WARN_CONSTANT_CONVERSION = YES;
				CLANG_WARN_DEPRECATED_OBJC_IMPLEMENTATIONS = YES;
				CLANG_WARN_DIRECT_OBJC_ISA_USAGE = YES_ERROR;
				CLANG_WARN_DOCUMENTATION_COMMENTS = YES;
				CLANG_WARN_EMPTY_BODY = YES;
				CLANG_WARN_ENUM_CONVERSION = YES;
				CLANG_WARN_INFINITE_RECURSION = YES;
				CLANG_WARN_INT_CONVERSION = YES;
				CLANG_WARN_NON_LITERAL_NULL_CONVERSION = YES;
				CLANG_WARN_OBJC_IMPLICIT_RETAIN_SELF = YES;
				CLANG_WARN_OBJC_LITERAL_CONVERSION = YES;
				CLANG_WARN_OBJC_ROOT_CLASS = YES_ERROR;
				CLANG_WARN_QUOTED_INCLUDE_IN_FRAMEWORK_HEADER = YES;
				CLANG_WARN_RANGE_LOOP_ANALYSIS = YES;
				CLANG_WARN_STRICT_PROTOTYPES = YES;
				CLANG_WARN_SUSPICIOUS_MOVE = YES;
				CLANG_WARN_UNGUARDED_AVAILABILITY = YES_AGGRESSIVE;
				CLANG_WARN_UNREACHABLE_CODE = YES;
				CLANG_WARN__DUPLICATE_METHOD_MATCH = YES;
				COPY_PHASE_STRIP = NO;
				DEBUG_INFORMATION_FORMAT = dwarf;
				ENABLE_STRICT_OBJC_MSGSEND = YES;
				ENABLE_TESTABILITY = YES;
				GCC_C_LANGUAGE_STANDARD = gnu11;
				GCC_DYNAMIC_NO_PIC = NO;
				GCC_NO_COMMON_BLOCKS = YES;
				GCC_OPTIMIZATION_LEVEL = 0;
				GCC_PREPROCESSOR_DEFINITIONS = (
					"DEBUG=1",
					"$(inherited)",
				);
				GCC_WARN_64_TO_32_BIT_CONVERSION = YES;
				GCC_WARN_ABOUT_RETURN_TYPE = YES_ERROR;
				GCC_WARN_UNDECLARED_SELECTOR = YES;
				GCC_WARN_UNINITIALIZED_AUTOS = YES_AGGRESSIVE;
				GCC_WARN_UNUSED_FUNCTION = YES;
				GCC_WARN_UNUSED_VARIABLE = YES;
				IPHONEOS_DEPLOYMENT_TARGET = 13.0;
				MTL_ENABLE_DEBUG_INFO = INCLUDE_SOURCE;
				MTL_FAST_MATH = YES;
				ONLY_ACTIVE_ARCH = YES;
				SDKROOT = iphoneos;
				SWIFT_ACTIVE_COMPILATION_CONDITIONS = DEBUG;
				SWIFT_OPTIMIZATION_LEVEL = "-Onone";
			};
			name = Debug;
		};
		554FB91B29A775F900EAA48C /* Release */ = {
			isa = XCBuildConfiguration;
			buildSettings = {
				ALWAYS_SEARCH_USER_PATHS = NO;
				CLANG_ANALYZER_NONNULL = YES;
				CLANG_ANALYZER_NUMBER_OBJECT_CONVERSION = YES_AGGRESSIVE;
				CLANG_CXX_LANGUAGE_STANDARD = "gnu++20";
				CLANG_ENABLE_MODULES = YES;
				CLANG_ENABLE_OBJC_ARC = YES;
				CLANG_ENABLE_OBJC_WEAK = YES;
				CLANG_WARN_BLOCK_CAPTURE_AUTORELEASING = YES;
				CLANG_WARN_BOOL_CONVERSION = YES;
				CLANG_WARN_COMMA = YES;
				CLANG_WARN_CONSTANT_CONVERSION = YES;
				CLANG_WARN_DEPRECATED_OBJC_IMPLEMENTATIONS = YES;
				CLANG_WARN_DIRECT_OBJC_ISA_USAGE = YES_ERROR;
				CLANG_WARN_DOCUMENTATION_COMMENTS = YES;
				CLANG_WARN_EMPTY_BODY = YES;
				CLANG_WARN_ENUM_CONVERSION = YES;
				CLANG_WARN_INFINITE_RECURSION = YES;
				CLANG_WARN_INT_CONVERSION = YES;
				CLANG_WARN_NON_LITERAL_NULL_CONVERSION = YES;
				CLANG_WARN_OBJC_IMPLICIT_RETAIN_SELF = YES;
				CLANG_WARN_OBJC_LITERAL_CONVERSION = YES;
				CLANG_WARN_OBJC_ROOT_CLASS = YES_ERROR;
				CLANG_WARN_QUOTED_INCLUDE_IN_FRAMEWORK_HEADER = YES;
				CLANG_WARN_RANGE_LOOP_ANALYSIS = YES;
				CLANG_WARN_STRICT_PROTOTYPES = YES;
				CLANG_WARN_SUSPICIOUS_MOVE = YES;
				CLANG_WARN_UNGUARDED_AVAILABILITY = YES_AGGRESSIVE;
				CLANG_WARN_UNREACHABLE_CODE = YES;
				CLANG_WARN__DUPLICATE_METHOD_MATCH = YES;
				COPY_PHASE_STRIP = NO;
				DEBUG_INFORMATION_FORMAT = "dwarf-with-dsym";
				ENABLE_NS_ASSERTIONS = NO;
				ENABLE_STRICT_OBJC_MSGSEND = YES;
				GCC_C_LANGUAGE_STANDARD = gnu11;
				GCC_NO_COMMON_BLOCKS = YES;
				GCC_WARN_64_TO_32_BIT_CONVERSION = YES;
				GCC_WARN_ABOUT_RETURN_TYPE = YES_ERROR;
				GCC_WARN_UNDECLARED_SELECTOR = YES;
				GCC_WARN_UNINITIALIZED_AUTOS = YES_AGGRESSIVE;
				GCC_WARN_UNUSED_FUNCTION = YES;
				GCC_WARN_UNUSED_VARIABLE = YES;
				IPHONEOS_DEPLOYMENT_TARGET = 13.0;
				MTL_ENABLE_DEBUG_INFO = NO;
				MTL_FAST_MATH = YES;
				SDKROOT = iphoneos;
				SWIFT_COMPILATION_MODE = wholemodule;
				SWIFT_OPTIMIZATION_LEVEL = "-O";
				VALIDATE_PRODUCT = YES;
			};
			name = Release;
		};
		554FB91D29A775F900EAA48C /* Debug */ = {
			isa = XCBuildConfiguration;
			buildSettings = {
				ASSETCATALOG_COMPILER_APPICON_NAME = AppIcon;
				ASSETCATALOG_COMPILER_GLOBAL_ACCENT_COLOR_NAME = AccentColor;
				CODE_SIGN_STYLE = Automatic;
				CURRENT_PROJECT_VERSION = 1;
				DEVELOPMENT_TEAM = 6K8462GPBF;
				GENERATE_INFOPLIST_FILE = YES;
				INFOPLIST_FILE = "YP-contacts/Resources/Info.plist";
				INFOPLIST_KEY_CFBundleDisplayName = "YP Contacts";
				INFOPLIST_KEY_NSContactsUsageDescription = "Для синхронизации контактов предоставьте, пожалуйста, доступ к ним.";
				INFOPLIST_KEY_UIApplicationSupportsIndirectInputEvents = YES;
				INFOPLIST_KEY_UILaunchStoryboardName = LaunchScreen;
				INFOPLIST_KEY_UIStatusBarStyle = "";
				INFOPLIST_KEY_UISupportedInterfaceOrientations = UIInterfaceOrientationPortrait;
				INFOPLIST_KEY_UISupportedInterfaceOrientations_iPad = "UIInterfaceOrientationLandscapeLeft UIInterfaceOrientationLandscapeRight UIInterfaceOrientationPortrait UIInterfaceOrientationPortraitUpsideDown";
				IPHONEOS_DEPLOYMENT_TARGET = 13.0;
				LD_RUNPATH_SEARCH_PATHS = (
					"$(inherited)",
					"@executable_path/Frameworks",
				);
				MARKETING_VERSION = 1.0;
				PRODUCT_BUNDLE_IDENTIFIER = "ru.SysoevAndrey.YP-contacts";
				PRODUCT_NAME = "$(TARGET_NAME)";
				SUPPORTED_PLATFORMS = "iphoneos iphonesimulator";
				SUPPORTS_MACCATALYST = NO;
				SUPPORTS_MAC_DESIGNED_FOR_IPHONE_IPAD = NO;
				SWIFT_EMIT_LOC_STRINGS = YES;
				SWIFT_VERSION = 5.0;
				TARGETED_DEVICE_FAMILY = 1;
			};
			name = Debug;
		};
		554FB91E29A775F900EAA48C /* Release */ = {
			isa = XCBuildConfiguration;
			buildSettings = {
				ASSETCATALOG_COMPILER_APPICON_NAME = AppIcon;
				ASSETCATALOG_COMPILER_GLOBAL_ACCENT_COLOR_NAME = AccentColor;
				CODE_SIGN_STYLE = Automatic;
				CURRENT_PROJECT_VERSION = 1;
				DEVELOPMENT_TEAM = 6K8462GPBF;
				GENERATE_INFOPLIST_FILE = YES;
				INFOPLIST_FILE = "YP-contacts/Resources/Info.plist";
				INFOPLIST_KEY_CFBundleDisplayName = "YP Contacts";
				INFOPLIST_KEY_NSContactsUsageDescription = "Для синхронизации контактов предоставьте, пожалуйста, доступ к ним.";
				INFOPLIST_KEY_UIApplicationSupportsIndirectInputEvents = YES;
				INFOPLIST_KEY_UILaunchStoryboardName = LaunchScreen;
				INFOPLIST_KEY_UIStatusBarStyle = "";
				INFOPLIST_KEY_UISupportedInterfaceOrientations = UIInterfaceOrientationPortrait;
				INFOPLIST_KEY_UISupportedInterfaceOrientations_iPad = "UIInterfaceOrientationLandscapeLeft UIInterfaceOrientationLandscapeRight UIInterfaceOrientationPortrait UIInterfaceOrientationPortraitUpsideDown";
				IPHONEOS_DEPLOYMENT_TARGET = 13.0;
				LD_RUNPATH_SEARCH_PATHS = (
					"$(inherited)",
					"@executable_path/Frameworks",
				);
				MARKETING_VERSION = 1.0;
				PRODUCT_BUNDLE_IDENTIFIER = "ru.SysoevAndrey.YP-contacts";
				PRODUCT_NAME = "$(TARGET_NAME)";
				SUPPORTED_PLATFORMS = "iphoneos iphonesimulator";
				SUPPORTS_MACCATALYST = NO;
				SUPPORTS_MAC_DESIGNED_FOR_IPHONE_IPAD = NO;
				SWIFT_EMIT_LOC_STRINGS = YES;
				SWIFT_VERSION = 5.0;
				TARGETED_DEVICE_FAMILY = 1;
			};
			name = Release;
		};
/* End XCBuildConfiguration section */

/* Begin XCConfigurationList section */
		554FB90329A775F800EAA48C /* Build configuration list for PBXProject "YP-contacts" */ = {
			isa = XCConfigurationList;
			buildConfigurations = (
				554FB91A29A775F900EAA48C /* Debug */,
				554FB91B29A775F900EAA48C /* Release */,
			);
			defaultConfigurationIsVisible = 0;
			defaultConfigurationName = Release;
		};
		554FB91C29A775F900EAA48C /* Build configuration list for PBXNativeTarget "YP-contacts" */ = {
			isa = XCConfigurationList;
			buildConfigurations = (
				554FB91D29A775F900EAA48C /* Debug */,
				554FB91E29A775F900EAA48C /* Release */,
			);
			defaultConfigurationIsVisible = 0;
			defaultConfigurationName = Release;
		};
/* End XCConfigurationList section */
	};
	rootObject = 554FB90029A775F800EAA48C /* Project object */;
}
